// !$*UTF8*$!
{
	archiveVersion = 1;
	classes = {
	};
	objectVersion = 48;
	objects = {

/* Begin PBXBuildFile section */
		457B37D71F88706F00065474 /* Tools.swift in Sources */ = {isa = PBXBuildFile; fileRef = 457B37D61F88706F00065474 /* Tools.swift */; };
		457B37D91F88731C00065474 /* SelectionSort.swift in Sources */ = {isa = PBXBuildFile; fileRef = 457B37D81F88731C00065474 /* SelectionSort.swift */; };
		457B37DB1F88734500065474 /* InsertionSort.swift in Sources */ = {isa = PBXBuildFile; fileRef = 457B37DA1F88734500065474 /* InsertionSort.swift */; };
		457B37DD1F88771600065474 /* MergeSort.swift in Sources */ = {isa = PBXBuildFile; fileRef = 457B37DC1F88771600065474 /* MergeSort.swift */; };
		457B37DF1F88773000065474 /* QuickSort.swift in Sources */ = {isa = PBXBuildFile; fileRef = 457B37DE1F88773000065474 /* QuickSort.swift */; };
		457B37E11F88775400065474 /* Heap.swift in Sources */ = {isa = PBXBuildFile; fileRef = 457B37E01F88775400065474 /* Heap.swift */; };
		457B37E31F88779300065474 /* IndexMaxHeap.swift in Sources */ = {isa = PBXBuildFile; fileRef = 457B37E21F88779300065474 /* IndexMaxHeap.swift */; };
		457B37E51F8877B800065474 /* BinarySearch.swift in Sources */ = {isa = PBXBuildFile; fileRef = 457B37E41F8877B800065474 /* BinarySearch.swift */; };
		457B37E71F8877EF00065474 /* BinarySearchTree.swift in Sources */ = {isa = PBXBuildFile; fileRef = 457B37E61F8877EF00065474 /* BinarySearchTree.swift */; };
		457B37E91F88785200065474 /* UnionFind.swift in Sources */ = {isa = PBXBuildFile; fileRef = 457B37E81F88785200065474 /* UnionFind.swift */; };
		45F909DA1F7E4397002B7637 /* main.swift in Sources */ = {isa = PBXBuildFile; fileRef = 45F909D91F7E4397002B7637 /* main.swift */; };
/* End PBXBuildFile section */

/* Begin PBXCopyFilesBuildPhase section */
		45F909D41F7E4397002B7637 /* CopyFiles */ = {
			isa = PBXCopyFilesBuildPhase;
			buildActionMask = 2147483647;
			dstPath = /usr/share/man/man1/;
			dstSubfolderSpec = 0;
			files = (
			);
			runOnlyForDeploymentPostprocessing = 1;
		};
/* End PBXCopyFilesBuildPhase section */

/* Begin PBXFileReference section */
		457B37D61F88706F00065474 /* Tools.swift */ = {isa = PBXFileReference; lastKnownFileType = sourcecode.swift; path = Tools.swift; sourceTree = "<group>"; };
		457B37D81F88731C00065474 /* SelectionSort.swift */ = {isa = PBXFileReference; lastKnownFileType = sourcecode.swift; path = SelectionSort.swift; sourceTree = "<group>"; };
		457B37DA1F88734500065474 /* InsertionSort.swift */ = {isa = PBXFileReference; lastKnownFileType = sourcecode.swift; path = InsertionSort.swift; sourceTree = "<group>"; };
		457B37DC1F88771600065474 /* MergeSort.swift */ = {isa = PBXFileReference; lastKnownFileType = sourcecode.swift; path = MergeSort.swift; sourceTree = "<group>"; };
		457B37DE1F88773000065474 /* QuickSort.swift */ = {isa = PBXFileReference; lastKnownFileType = sourcecode.swift; path = QuickSort.swift; sourceTree = "<group>"; };
		457B37E01F88775400065474 /* Heap.swift */ = {isa = PBXFileReference; lastKnownFileType = sourcecode.swift; path = Heap.swift; sourceTree = "<group>"; };
		457B37E21F88779300065474 /* IndexMaxHeap.swift */ = {isa = PBXFileReference; lastKnownFileType = sourcecode.swift; path = IndexMaxHeap.swift; sourceTree = "<group>"; };
		457B37E41F8877B800065474 /* BinarySearch.swift */ = {isa = PBXFileReference; lastKnownFileType = sourcecode.swift; path = BinarySearch.swift; sourceTree = "<group>"; };
		457B37E61F8877EF00065474 /* BinarySearchTree.swift */ = {isa = PBXFileReference; lastKnownFileType = sourcecode.swift; path = BinarySearchTree.swift; sourceTree = "<group>"; };
		457B37E81F88785200065474 /* UnionFind.swift */ = {isa = PBXFileReference; lastKnownFileType = sourcecode.swift; path = UnionFind.swift; sourceTree = "<group>"; };
		45F909D61F7E4397002B7637 /* DataStructuresAndAlgorithms */ = {isa = PBXFileReference; explicitFileType = "compiled.mach-o.executable"; includeInIndex = 0; path = DataStructuresAndAlgorithms; sourceTree = BUILT_PRODUCTS_DIR; };
		45F909D91F7E4397002B7637 /* main.swift */ = {isa = PBXFileReference; lastKnownFileType = sourcecode.swift; path = main.swift; sourceTree = "<group>"; };
/* End PBXFileReference section */

/* Begin PBXFrameworksBuildPhase section */
		45F909D31F7E4397002B7637 /* Frameworks */ = {
			isa = PBXFrameworksBuildPhase;
			buildActionMask = 2147483647;
			files = (
			);
			runOnlyForDeploymentPostprocessing = 0;
		};
/* End PBXFrameworksBuildPhase section */

/* Begin PBXGroup section */
		45F909CD1F7E4397002B7637 = {
			isa = PBXGroup;
			children = (
				45F909D81F7E4397002B7637 /* DataStructuresAndAlgorithms */,
				45F909D71F7E4397002B7637 /* Products */,
			);
			sourceTree = "<group>";
		};
		45F909D71F7E4397002B7637 /* Products */ = {
			isa = PBXGroup;
			children = (
				45F909D61F7E4397002B7637 /* DataStructuresAndAlgorithms */,
			);
			name = Products;
			sourceTree = "<group>";
		};
		45F909D81F7E4397002B7637 /* DataStructuresAndAlgorithms */ = {
			isa = PBXGroup;
			children = (
				45F909D91F7E4397002B7637 /* main.swift */,
				457B37D61F88706F00065474 /* Tools.swift */,
				457B37D81F88731C00065474 /* SelectionSort.swift */,
				457B37DA1F88734500065474 /* InsertionSort.swift */,
				457B37DC1F88771600065474 /* MergeSort.swift */,
				457B37DE1F88773000065474 /* QuickSort.swift */,
				457B37E01F88775400065474 /* Heap.swift */,
				457B37E21F88779300065474 /* IndexMaxHeap.swift */,
				457B37E41F8877B800065474 /* BinarySearch.swift */,
				457B37E61F8877EF00065474 /* BinarySearchTree.swift */,
				457B37E81F88785200065474 /* UnionFind.swift */,
			);
			path = DataStructuresAndAlgorithms;
			sourceTree = "<group>";
		};
/* End PBXGroup section */

/* Begin PBXNativeTarget section */
		45F909D51F7E4397002B7637 /* DataStructuresAndAlgorithms */ = {
			isa = PBXNativeTarget;
			buildConfigurationList = 45F909DD1F7E4397002B7637 /* Build configuration list for PBXNativeTarget "DataStructuresAndAlgorithms" */;
			buildPhases = (
				45F909D21F7E4397002B7637 /* Sources */,
				45F909D31F7E4397002B7637 /* Frameworks */,
				45F909D41F7E4397002B7637 /* CopyFiles */,
			);
			buildRules = (
			);
			dependencies = (
			);
			name = DataStructuresAndAlgorithms;
			productName = DataStructuresAndAlgorithms;
			productReference = 45F909D61F7E4397002B7637 /* DataStructuresAndAlgorithms */;
			productType = "com.apple.product-type.tool";
		};
/* End PBXNativeTarget section */

/* Begin PBXProject section */
		45F909CE1F7E4397002B7637 /* Project object */ = {
			isa = PBXProject;
			attributes = {
				LastSwiftUpdateCheck = 0900;
				LastUpgradeCheck = 0900;
				ORGANIZATIONNAME = Shenry;
				TargetAttributes = {
					45F909D51F7E4397002B7637 = {
						CreatedOnToolsVersion = 9.0;
						ProvisioningStyle = Automatic;
					};
				};
			};
			buildConfigurationList = 45F909D11F7E4397002B7637 /* Build configuration list for PBXProject "DataStructuresAndAlgorithms" */;
			compatibilityVersion = "Xcode 8.0";
			developmentRegion = en;
			hasScannedForEncodings = 0;
			knownRegions = (
				en,
			);
			mainGroup = 45F909CD1F7E4397002B7637;
			productRefGroup = 45F909D71F7E4397002B7637 /* Products */;
			projectDirPath = "";
			projectRoot = "";
			targets = (
				45F909D51F7E4397002B7637 /* DataStructuresAndAlgorithms */,
			);
		};
/* End PBXProject section */

/* Begin PBXSourcesBuildPhase section */
		45F909D21F7E4397002B7637 /* Sources */ = {
			isa = PBXSourcesBuildPhase;
			buildActionMask = 2147483647;
			files = (
				45F909DA1F7E4397002B7637 /* main.swift in Sources */,
				457B37E31F88779300065474 /* IndexMaxHeap.swift in Sources */,
				457B37E51F8877B800065474 /* BinarySearch.swift in Sources */,
				457B37E91F88785200065474 /* UnionFind.swift in Sources */,
				457B37DF1F88773000065474 /* QuickSort.swift in Sources */,
				457B37E71F8877EF00065474 /* BinarySearchTree.swift in Sources */,
				457B37DB1F88734500065474 /* InsertionSort.swift in Sources */,
				457B37D91F88731C00065474 /* SelectionSort.swift in Sources */,
				457B37D71F88706F00065474 /* Tools.swift in Sources */,
				457B37DD1F88771600065474 /* MergeSort.swift in Sources */,
				457B37E11F88775400065474 /* Heap.swift in Sources */,
			);
			runOnlyForDeploymentPostprocessing = 0;
		};
/* End PBXSourcesBuildPhase section */

/* Begin XCBuildConfiguration section */
		45F909DB1F7E4397002B7637 /* Debug */ = {
			isa = XCBuildConfiguration;
			buildSettings = {
				ALWAYS_SEARCH_USER_PATHS = NO;
				CLANG_ANALYZER_NONNULL = YES;
				CLANG_ANALYZER_NUMBER_OBJECT_CONVERSION = YES_AGGRESSIVE;
				CLANG_CXX_LANGUAGE_STANDARD = "gnu++14";
				CLANG_CXX_LIBRARY = "libc++";
				CLANG_ENABLE_MODULES = YES;
				CLANG_ENABLE_OBJC_ARC = YES;
				CLANG_WARN_BLOCK_CAPTURE_AUTORELEASING = YES;
				CLANG_WARN_BOOL_CONVERSION = YES;
				CLANG_WARN_COMMA = YES;
				CLANG_WARN_CONSTANT_CONVERSION = YES;
				CLANG_WARN_DIRECT_OBJC_ISA_USAGE = YES_ERROR;
				CLANG_WARN_DOCUMENTATION_COMMENTS = YES;
				CLANG_WARN_EMPTY_BODY = YES;
				CLANG_WARN_ENUM_CONVERSION = YES;
				CLANG_WARN_INFINITE_RECURSION = YES;
				CLANG_WARN_INT_CONVERSION = YES;
				CLANG_WARN_NON_LITERAL_NULL_CONVERSION = YES;
				CLANG_WARN_OBJC_LITERAL_CONVERSION = YES;
				CLANG_WARN_OBJC_ROOT_CLASS = YES_ERROR;
				CLANG_WARN_RANGE_LOOP_ANALYSIS = YES;
				CLANG_WARN_STRICT_PROTOTYPES = YES;
				CLANG_WARN_SUSPICIOUS_MOVE = YES;
				CLANG_WARN_UNGUARDED_AVAILABILITY = YES_AGGRESSIVE;
				CLANG_WARN_UNREACHABLE_CODE = YES;
				CLANG_WARN__DUPLICATE_METHOD_MATCH = YES;
				CODE_SIGN_IDENTITY = "Mac Developer";
				COPY_PHASE_STRIP = NO;
				DEBUG_INFORMATION_FORMAT = dwarf;
				ENABLE_STRICT_OBJC_MSGSEND = YES;
				ENABLE_TESTABILITY = YES;
				GCC_C_LANGUAGE_STANDARD = gnu11;
				GCC_DYNAMIC_NO_PIC = NO;
				GCC_NO_COMMON_BLOCKS = YES;
				GCC_OPTIMIZATION_LEVEL = 0;
				GCC_PREPROCESSOR_DEFINITIONS = (
					"DEBUG=1",
					"$(inherited)",
				);
				GCC_WARN_64_TO_32_BIT_CONVERSION = YES;
				GCC_WARN_ABOUT_RETURN_TYPE = YES_ERROR;
				GCC_WARN_UNDECLARED_SELECTOR = YES;
				GCC_WARN_UNINITIALIZED_AUTOS = YES_AGGRESSIVE;
				GCC_WARN_UNUSED_FUNCTION = YES;
				GCC_WARN_UNUSED_VARIABLE = YES;
				MACOSX_DEPLOYMENT_TARGET = 10.13;
				MTL_ENABLE_DEBUG_INFO = YES;
				ONLY_ACTIVE_ARCH = YES;
				SDKROOT = macosx;
				SWIFT_ACTIVE_COMPILATION_CONDITIONS = DEBUG;
				SWIFT_OPTIMIZATION_LEVEL = "-Onone";
			};
			name = Debug;
		};
		45F909DC1F7E4397002B7637 /* Release */ = {
			isa = XCBuildConfiguration;
			buildSettings = {
				ALWAYS_SEARCH_USER_PATHS = NO;
				CLANG_ANALYZER_NONNULL = YES;
				CLANG_ANALYZER_NUMBER_OBJECT_CONVERSION = YES_AGGRESSIVE;
				CLANG_CXX_LANGUAGE_STANDARD = "gnu++14";
				CLANG_CXX_LIBRARY = "libc++";
				CLANG_ENABLE_MODULES = YES;
				CLANG_ENABLE_OBJC_ARC = YES;
				CLANG_WARN_BLOCK_CAPTURE_AUTORELEASING = YES;
				CLANG_WARN_BOOL_CONVERSION = YES;
				CLANG_WARN_COMMA = YES;
				CLANG_WARN_CONSTANT_CONVERSION = YES;
				CLANG_WARN_DIRECT_OBJC_ISA_USAGE = YES_ERROR;
				CLANG_WARN_DOCUMENTATION_COMMENTS = YES;
				CLANG_WARN_EMPTY_BODY = YES;
				CLANG_WARN_ENUM_CONVERSION = YES;
				CLANG_WARN_INFINITE_RECURSION = YES;
				CLANG_WARN_INT_CONVERSION = YES;
				CLANG_WARN_NON_LITERAL_NULL_CONVERSION = YES;
				CLANG_WARN_OBJC_LITERAL_CONVERSION = YES;
				CLANG_WARN_OBJC_ROOT_CLASS = YES_ERROR;
				CLANG_WARN_RANGE_LOOP_ANALYSIS = YES;
				CLANG_WARN_STRICT_PROTOTYPES = YES;
				CLANG_WARN_SUSPICIOUS_MOVE = YES;
				CLANG_WARN_UNGUARDED_AVAILABILITY = YES_AGGRESSIVE;
				CLANG_WARN_UNREACHABLE_CODE = YES;
				CLANG_WARN__DUPLICATE_METHOD_MATCH = YES;
				CODE_SIGN_IDENTITY = "Mac Developer";
				COPY_PHASE_STRIP = NO;
				DEBUG_INFORMATION_FORMAT = "dwarf-with-dsym";
				ENABLE_NS_ASSERTIONS = NO;
				ENABLE_STRICT_OBJC_MSGSEND = YES;
				GCC_C_LANGUAGE_STANDARD = gnu11;
				GCC_NO_COMMON_BLOCKS = YES;
				GCC_WARN_64_TO_32_BIT_CONVERSION = YES;
				GCC_WARN_ABOUT_RETURN_TYPE = YES_ERROR;
				GCC_WARN_UNDECLARED_SELECTOR = YES;
				GCC_WARN_UNINITIALIZED_AUTOS = YES_AGGRESSIVE;
				GCC_WARN_UNUSED_FUNCTION = YES;
				GCC_WARN_UNUSED_VARIABLE = YES;
				MACOSX_DEPLOYMENT_TARGET = 10.13;
				MTL_ENABLE_DEBUG_INFO = NO;
				SDKROOT = macosx;
				SWIFT_OPTIMIZATION_LEVEL = "-Owholemodule";
			};
			name = Release;
		};
		45F909DE1F7E4397002B7637 /* Debug */ = {
			isa = XCBuildConfiguration;
			buildSettings = {
				CODE_SIGN_STYLE = Automatic;
				DEVELOPMENT_TEAM = FKVD858LHT;
				PRODUCT_NAME = "$(TARGET_NAME)";
				SWIFT_VERSION = 4.0;
			};
			name = Debug;
		};
		45F909DF1F7E4397002B7637 /* Release */ = {
			isa = XCBuildConfiguration;
			buildSettings = {
				CODE_SIGN_STYLE = Automatic;
				DEVELOPMENT_TEAM = FKVD858LHT;
				PRODUCT_NAME = "$(TARGET_NAME)";
				SWIFT_VERSION = 4.0;
			};
			name = Release;
		};
/* End XCBuildConfiguration section */

/* Begin XCConfigurationList section */
		45F909D11F7E4397002B7637 /* Build configuration list for PBXProject "DataStructuresAndAlgorithms" */ = {
			isa = XCConfigurationList;
			buildConfigurations = (
				45F909DB1F7E4397002B7637 /* Debug */,
				45F909DC1F7E4397002B7637 /* Release */,
			);
			defaultConfigurationIsVisible = 0;
			defaultConfigurationName = Release;
		};
		45F909DD1F7E4397002B7637 /* Build configuration list for PBXNativeTarget "DataStructuresAndAlgorithms" */ = {
			isa = XCConfigurationList;
			buildConfigurations = (
				45F909DE1F7E4397002B7637 /* Debug */,
				45F909DF1F7E4397002B7637 /* Release */,
			);
			defaultConfigurationIsVisible = 0;
			defaultConfigurationName = Release;
		};
/* End XCConfigurationList section */
	};
	rootObject = 45F909CE1F7E4397002B7637 /* Project object */;
}
